
Microsoft Visual Studio Solution File, Format Version 12.00
# Visual Studio Version 16
VisualStudioVersion = 16.0.31321.278
MinimumVisualStudioVersion = 10.0.40219.1
Project("{00D1A9C2-B5F0-4AF3-8072-F6C62B433612}") = "Database", "Database\Database.sqlproj", "{5FAFA559-80B3-42BC-AB99-71D74DEADCB1}"
EndProject
Project("{00D1A9C2-B5F0-4AF3-8072-F6C62B433612}") = "InitialData", "InitialData\InitialData.sqlproj", "{A8A83E6A-FFDC-47FF-8484-4593EAACDE42}"
EndProject
Global
	GlobalSection(SolutionConfigurationPlatforms) = preSolution
		Debug|Any CPU = Debug|Any CPU
		Release|Any CPU = Release|Any CPU
	EndGlobalSection
	GlobalSection(ProjectConfigurationPlatforms) = postSolution
		{5FAFA559-80B3-42BC-AB99-71D74DEADCB1}.Debug|Any CPU.ActiveCfg = Debug|Any CPU
		{5FAFA559-80B3-42BC-AB99-71D74DEADCB1}.Debug|Any CPU.Build.0 = Debug|Any CPU
		{5FAFA559-80B3-42BC-AB99-71D74DEADCB1}.Debug|Any CPU.Deploy.0 = Debug|Any CPU
		{5FAFA559-80B3-42BC-AB99-71D74DEADCB1}.Release|Any CPU.ActiveCfg = Release|Any CPU
		{5FAFA559-80B3-42BC-AB99-71D74DEADCB1}.Release|Any CPU.Build.0 = Release|Any CPU
		{5FAFA559-80B3-42BC-AB99-71D74DEADCB1}.Release|Any CPU.Deploy.0 = Release|Any CPU
		{A8A83E6A-FFDC-47FF-8484-4593EAACDE42}.Debug|Any CPU.ActiveCfg = Debug|Any CPU
		{A8A83E6A-FFDC-47FF-8484-4593EAACDE42}.Debug|Any CPU.Build.0 = Debug|Any CPU
		{A8A83E6A-FFDC-47FF-8484-4593EAACDE42}.Debug|Any CPU.Deploy.0 = Debug|Any CPU
		{A8A83E6A-FFDC-47FF-8484-4593EAACDE42}.Release|Any CPU.ActiveCfg = Release|Any CPU
		{A8A83E6A-FFDC-47FF-8484-4593EAACDE42}.Release|Any CPU.Build.0 = Release|Any CPU
		{A8A83E6A-FFDC-47FF-8484-4593EAACDE42}.Release|Any CPU.Deploy.0 = Release|Any CPU
	EndGlobalSection
	GlobalSection(SolutionProperties) = preSolution
		HideSolutionNode = FALSE
	EndGlobalSection
	GlobalSection(ExtensibilityGlobals) = postSolution
		SolutionGuid = {467DD538-2AF1-4273-BCA2-F0B61BA5F07E}
	EndGlobalSection
EndGlobal
